// !$*UTF8*$!
{
	archiveVersion = 1;
	classes = {
	};
	objectVersion = 50;
	objects = {

/* Begin PBXBuildFile section */
		95ED687A25812CF800C43B78 /* AppDelegate.swift in Sources */ = {isa = PBXBuildFile; fileRef = 95ED687925812CF800C43B78 /* AppDelegate.swift */; };
		95ED687C25812CF800C43B78 /* SceneDelegate.swift in Sources */ = {isa = PBXBuildFile; fileRef = 95ED687B25812CF800C43B78 /* SceneDelegate.swift */; };
		95ED687E25812CF800C43B78 /* ViewController.swift in Sources */ = {isa = PBXBuildFile; fileRef = 95ED687D25812CF800C43B78 /* ViewController.swift */; };
		95ED688325812CFD00C43B78 /* Assets.xcassets in Resources */ = {isa = PBXBuildFile; fileRef = 95ED688225812CFD00C43B78 /* Assets.xcassets */; };
		95ED688625812CFD00C43B78 /* LaunchScreen.storyboard in Resources */ = {isa = PBXBuildFile; fileRef = 95ED688425812CFD00C43B78 /* LaunchScreen.storyboard */; };
		95ED68942581319000C43B78 /* NasaVC.swift in Sources */ = {isa = PBXBuildFile; fileRef = 95ED68932581319000C43B78 /* NasaVC.swift */; };
		95ED689D258133A400C43B78 /* UIViewExt.swift in Sources */ = {isa = PBXBuildFile; fileRef = 95ED689C258133A400C43B78 /* UIViewExt.swift */; };
		95ED68A0258136C300C43B78 /* NasaCell.swift in Sources */ = {isa = PBXBuildFile; fileRef = 95ED689F258136C300C43B78 /* NasaCell.swift */; };
		95ED68A425813BB800C43B78 /* Constants.swift in Sources */ = {isa = PBXBuildFile; fileRef = 95ED68A325813BB800C43B78 /* Constants.swift */; };
		95ED68A72581447000C43B78 /* NetworkManager.swift in Sources */ = {isa = PBXBuildFile; fileRef = 95ED68A62581447000C43B78 /* NetworkManager.swift */; };
		95ED68AB2581449500C43B78 /* NasaModel.swift in Sources */ = {isa = PBXBuildFile; fileRef = 95ED68AA2581449500C43B78 /* NasaModel.swift */; };
/* End PBXBuildFile section */

/* Begin PBXFileReference section */
		95ED687625812CF800C43B78 /* NasaApp.app */ = {isa = PBXFileReference; explicitFileType = wrapper.application; includeInIndex = 0; path = NasaApp.app; sourceTree = BUILT_PRODUCTS_DIR; };
		95ED687925812CF800C43B78 /* AppDelegate.swift */ = {isa = PBXFileReference; lastKnownFileType = sourcecode.swift; path = AppDelegate.swift; sourceTree = "<group>"; };
		95ED687B25812CF800C43B78 /* SceneDelegate.swift */ = {isa = PBXFileReference; lastKnownFileType = sourcecode.swift; path = SceneDelegate.swift; sourceTree = "<group>"; };
		95ED687D25812CF800C43B78 /* ViewController.swift */ = {isa = PBXFileReference; lastKnownFileType = sourcecode.swift; path = ViewController.swift; sourceTree = "<group>"; };
		95ED688225812CFD00C43B78 /* Assets.xcassets */ = {isa = PBXFileReference; lastKnownFileType = folder.assetcatalog; path = Assets.xcassets; sourceTree = "<group>"; };
		95ED688525812CFD00C43B78 /* Base */ = {isa = PBXFileReference; lastKnownFileType = file.storyboard; name = Base; path = Base.lproj/LaunchScreen.storyboard; sourceTree = "<group>"; };
		95ED688725812CFD00C43B78 /* Info.plist */ = {isa = PBXFileReference; lastKnownFileType = text.plist.xml; path = Info.plist; sourceTree = "<group>"; };
		95ED68932581319000C43B78 /* NasaVC.swift */ = {isa = PBXFileReference; lastKnownFileType = sourcecode.swift; path = NasaVC.swift; sourceTree = "<group>"; };
		95ED689C258133A400C43B78 /* UIViewExt.swift */ = {isa = PBXFileReference; lastKnownFileType = sourcecode.swift; path = UIViewExt.swift; sourceTree = "<group>"; };
		95ED689F258136C300C43B78 /* NasaCell.swift */ = {isa = PBXFileReference; lastKnownFileType = sourcecode.swift; path = NasaCell.swift; sourceTree = "<group>"; };
		95ED68A325813BB800C43B78 /* Constants.swift */ = {isa = PBXFileReference; lastKnownFileType = sourcecode.swift; path = Constants.swift; sourceTree = "<group>"; };
		95ED68A62581447000C43B78 /* NetworkManager.swift */ = {isa = PBXFileReference; lastKnownFileType = sourcecode.swift; path = NetworkManager.swift; sourceTree = "<group>"; };
		95ED68AA2581449500C43B78 /* NasaModel.swift */ = {isa = PBXFileReference; lastKnownFileType = sourcecode.swift; path = NasaModel.swift; sourceTree = "<group>"; };
/* End PBXFileReference section */

/* Begin PBXFrameworksBuildPhase section */
		95ED687325812CF800C43B78 /* Frameworks */ = {
			isa = PBXFrameworksBuildPhase;
			buildActionMask = 2147483647;
			files = (
			);
			runOnlyForDeploymentPostprocessing = 0;
		};
/* End PBXFrameworksBuildPhase section */

/* Begin PBXGroup section */
		95ED686D25812CF800C43B78 = {
			isa = PBXGroup;
			children = (
				95ED687825812CF800C43B78 /* NasaApp */,
				95ED687725812CF800C43B78 /* Products */,
			);
			sourceTree = "<group>";
		};
		95ED687725812CF800C43B78 /* Products */ = {
			isa = PBXGroup;
			children = (
				95ED687625812CF800C43B78 /* NasaApp.app */,
			);
			name = Products;
			sourceTree = "<group>";
		};
		95ED687825812CF800C43B78 /* NasaApp */ = {
			isa = PBXGroup;
			children = (
				95ED68A62581447000C43B78 /* NetworkManager.swift */,
				95ED68A92581448200C43B78 /* Model */,
				95ED68932581319000C43B78 /* NasaVC.swift */,
				95ED689F258136C300C43B78 /* NasaCell.swift */,
				95ED687D25812CF800C43B78 /* ViewController.swift */,
				95ED68972581336B00C43B78 /* Extensions-Utilities */,
				95ED68962581335200C43B78 /* Supporting */,
				95ED688725812CFD00C43B78 /* Info.plist */,
			);
			path = NasaApp;
			sourceTree = "<group>";
		};
		95ED68962581335200C43B78 /* Supporting */ = {
			isa = PBXGroup;
			children = (
				95ED687925812CF800C43B78 /* AppDelegate.swift */,
				95ED687B25812CF800C43B78 /* SceneDelegate.swift */,
				95ED688225812CFD00C43B78 /* Assets.xcassets */,
				95ED688425812CFD00C43B78 /* LaunchScreen.storyboard */,
			);
			path = Supporting;
			sourceTree = "<group>";
		};
		95ED68972581336B00C43B78 /* Extensions-Utilities */ = {
			isa = PBXGroup;
			children = (
				95ED689C258133A400C43B78 /* UIViewExt.swift */,
				95ED68A325813BB800C43B78 /* Constants.swift */,
			);
			path = "Extensions-Utilities";
			sourceTree = "<group>";
		};
		95ED68A92581448200C43B78 /* Model */ = {
			isa = PBXGroup;
			children = (
				95ED68AA2581449500C43B78 /* NasaModel.swift */,
			);
			path = Model;
			sourceTree = "<group>";
		};
/* End PBXGroup section */

/* Begin PBXNativeTarget section */
		95ED687525812CF800C43B78 /* NasaApp */ = {
			isa = PBXNativeTarget;
			buildConfigurationList = 95ED688A25812CFD00C43B78 /* Build configuration list for PBXNativeTarget "NasaApp" */;
			buildPhases = (
				95ED687225812CF800C43B78 /* Sources */,
				95ED687325812CF800C43B78 /* Frameworks */,
				95ED687425812CF800C43B78 /* Resources */,
			);
			buildRules = (
			);
			dependencies = (
			);
			name = NasaApp;
			productName = NasaApp;
			productReference = 95ED687625812CF800C43B78 /* NasaApp.app */;
			productType = "com.apple.product-type.application";
		};
/* End PBXNativeTarget section */

/* Begin PBXProject section */
		95ED686E25812CF800C43B78 /* Project object */ = {
			isa = PBXProject;
			attributes = {
				LastSwiftUpdateCheck = 1210;
				LastUpgradeCheck = 1210;
				TargetAttributes = {
					95ED687525812CF800C43B78 = {
						CreatedOnToolsVersion = 12.1;
					};
				};
			};
			buildConfigurationList = 95ED687125812CF800C43B78 /* Build configuration list for PBXProject "NasaApp" */;
			compatibilityVersion = "Xcode 9.3";
			developmentRegion = en;
			hasScannedForEncodings = 0;
			knownRegions = (
				en,
				Base,
			);
			mainGroup = 95ED686D25812CF800C43B78;
			productRefGroup = 95ED687725812CF800C43B78 /* Products */;
			projectDirPath = "";
			projectRoot = "";
			targets = (
				95ED687525812CF800C43B78 /* NasaApp */,
			);
		};
/* End PBXProject section */

/* Begin PBXResourcesBuildPhase section */
		95ED687425812CF800C43B78 /* Resources */ = {
			isa = PBXResourcesBuildPhase;
			buildActionMask = 2147483647;
			files = (
				95ED688625812CFD00C43B78 /* LaunchScreen.storyboard in Resources */,
				95ED688325812CFD00C43B78 /* Assets.xcassets in Resources */,
			);
			runOnlyForDeploymentPostprocessing = 0;
		};
/* End PBXResourcesBuildPhase section */

/* Begin PBXSourcesBuildPhase section */
		95ED687225812CF800C43B78 /* Sources */ = {
			isa = PBXSourcesBuildPhase;
			buildActionMask = 2147483647;
			files = (
				95ED689D258133A400C43B78 /* UIViewExt.swift in Sources */,
				95ED68AB2581449500C43B78 /* NasaModel.swift in Sources */,
				95ED687E25812CF800C43B78 /* ViewController.swift in Sources */,
				95ED687A25812CF800C43B78 /* AppDelegate.swift in Sources */,
				95ED68942581319000C43B78 /* NasaVC.swift in Sources */,
				95ED68A72581447000C43B78 /* NetworkManager.swift in Sources */,
				95ED68A425813BB800C43B78 /* Constants.swift in Sources */,
				95ED68A0258136C300C43B78 /* NasaCell.swift in Sources */,
				95ED687C25812CF800C43B78 /* SceneDelegate.swift in Sources */,
			);
			runOnlyForDeploymentPostprocessing = 0;
		};
/* End PBXSourcesBuildPhase section */

/* Begin PBXVariantGroup section */
		95ED688425812CFD00C43B78 /* LaunchScreen.storyboard */ = {
			isa = PBXVariantGroup;
			children = (
				95ED688525812CFD00C43B78 /* Base */,
			);
			name = LaunchScreen.storyboard;
			sourceTree = "<group>";
		};
/* End PBXVariantGroup section */

/* Begin XCBuildConfiguration section */
		95ED688825812CFD00C43B78 /* Debug */ = {
			isa = XCBuildConfiguration;
			buildSettings = {
				ALWAYS_SEARCH_USER_PATHS = NO;
				CLANG_ANALYZER_NONNULL = YES;
				CLANG_ANALYZER_NUMBER_OBJECT_CONVERSION = YES_AGGRESSIVE;
				CLANG_CXX_LANGUAGE_STANDARD = "gnu++14";
				CLANG_CXX_LIBRARY = "libc++";
				CLANG_ENABLE_MODULES = YES;
				CLANG_ENABLE_OBJC_ARC = YES;
				CLANG_ENABLE_OBJC_WEAK = YES;
				CLANG_WARN_BLOCK_CAPTURE_AUTORELEASING = YES;
				CLANG_WARN_BOOL_CONVERSION = YES;
				CLANG_WARN_COMMA = YES;
				CLANG_WARN_CONSTANT_CONVERSION = YES;
				CLANG_WARN_DEPRECATED_OBJC_IMPLEMENTATIONS = YES;
				CLANG_WARN_DIRECT_OBJC_ISA_USAGE = YES_ERROR;
				CLANG_WARN_DOCUMENTATION_COMMENTS = YES;
				CLANG_WARN_EMPTY_BODY = YES;
				CLANG_WARN_ENUM_CONVERSION = YES;
				CLANG_WARN_INFINITE_RECURSION = YES;
				CLANG_WARN_INT_CONVERSION = YES;
				CLANG_WARN_NON_LITERAL_NULL_CONVERSION = YES;
				CLANG_WARN_OBJC_IMPLICIT_RETAIN_SELF = YES;
				CLANG_WARN_OBJC_LITERAL_CONVERSION = YES;
				CLANG_WARN_OBJC_ROOT_CLASS = YES_ERROR;
				CLANG_WARN_QUOTED_INCLUDE_IN_FRAMEWORK_HEADER = YES;
				CLANG_WARN_RANGE_LOOP_ANALYSIS = YES;
				CLANG_WARN_STRICT_PROTOTYPES = YES;
				CLANG_WARN_SUSPICIOUS_MOVE = YES;
				CLANG_WARN_UNGUARDED_AVAILABILITY = YES_AGGRESSIVE;
				CLANG_WARN_UNREACHABLE_CODE = YES;
				CLANG_WARN__DUPLICATE_METHOD_MATCH = YES;
				COPY_PHASE_STRIP = NO;
				DEBUG_INFORMATION_FORMAT = dwarf;
				ENABLE_STRICT_OBJC_MSGSEND = YES;
				ENABLE_TESTABILITY = YES;
				GCC_C_LANGUAGE_STANDARD = gnu11;
				GCC_DYNAMIC_NO_PIC = NO;
				GCC_NO_COMMON_BLOCKS = YES;
				GCC_OPTIMIZATION_LEVEL = 0;
				GCC_PREPROCESSOR_DEFINITIONS = (
					"DEBUG=1",
					"$(inherited)",
				);
				GCC_WARN_64_TO_32_BIT_CONVERSION = YES;
				GCC_WARN_ABOUT_RETURN_TYPE = YES_ERROR;
				GCC_WARN_UNDECLARED_SELECTOR = YES;
				GCC_WARN_UNINITIALIZED_AUTOS = YES_AGGRESSIVE;
				GCC_WARN_UNUSED_FUNCTION = YES;
				GCC_WARN_UNUSED_VARIABLE = YES;
				IPHONEOS_DEPLOYMENT_TARGET = 14.1;
				MTL_ENABLE_DEBUG_INFO = INCLUDE_SOURCE;
				MTL_FAST_MATH = YES;
				ONLY_ACTIVE_ARCH = YES;
				SDKROOT = iphoneos;
				SWIFT_ACTIVE_COMPILATION_CONDITIONS = DEBUG;
				SWIFT_OPTIMIZATION_LEVEL = "-Onone";
			};
			name = Debug;
		};
		95ED688925812CFD00C43B78 /* Release */ = {
			isa = XCBuildConfiguration;
			buildSettings = {
				ALWAYS_SEARCH_USER_PATHS = NO;
				CLANG_ANALYZER_NONNULL = YES;
				CLANG_ANALYZER_NUMBER_OBJECT_CONVERSION = YES_AGGRESSIVE;
				CLANG_CXX_LANGUAGE_STANDARD = "gnu++14";
				CLANG_CXX_LIBRARY = "libc++";
				CLANG_ENABLE_MODULES = YES;
				CLANG_ENABLE_OBJC_ARC = YES;
				CLANG_ENABLE_OBJC_WEAK = YES;
				CLANG_WARN_BLOCK_CAPTURE_AUTORELEASING = YES;
				CLANG_WARN_BOOL_CONVERSION = YES;
				CLANG_WARN_COMMA = YES;
				CLANG_WARN_CONSTANT_CONVERSION = YES;
				CLANG_WARN_DEPRECATED_OBJC_IMPLEMENTATIONS = YES;
				CLANG_WARN_DIRECT_OBJC_ISA_USAGE = YES_ERROR;
				CLANG_WARN_DOCUMENTATION_COMMENTS = YES;
				CLANG_WARN_EMPTY_BODY = YES;
				CLANG_WARN_ENUM_CONVERSION = YES;
				CLANG_WARN_INFINITE_RECURSION = YES;
				CLANG_WARN_INT_CONVERSION = YES;
				CLANG_WARN_NON_LITERAL_NULL_CONVERSION = YES;
				CLANG_WARN_OBJC_IMPLICIT_RETAIN_SELF = YES;
				CLANG_WARN_OBJC_LITERAL_CONVERSION = YES;
				CLANG_WARN_OBJC_ROOT_CLASS = YES_ERROR;
				CLANG_WARN_QUOTED_INCLUDE_IN_FRAMEWORK_HEADER = YES;
				CLANG_WARN_RANGE_LOOP_ANALYSIS = YES;
				CLANG_WARN_STRICT_PROTOTYPES = YES;
				CLANG_WARN_SUSPICIOUS_MOVE = YES;
				CLANG_WARN_UNGUARDED_AVAILABILITY = YES_AGGRESSIVE;
				CLANG_WARN_UNREACHABLE_CODE = YES;
				CLANG_WARN__DUPLICATE_METHOD_MATCH = YES;
				COPY_PHASE_STRIP = NO;
				DEBUG_INFORMATION_FORMAT = "dwarf-with-dsym";
				ENABLE_NS_ASSERTIONS = NO;
				ENABLE_STRICT_OBJC_MSGSEND = YES;
				GCC_C_LANGUAGE_STANDARD = gnu11;
				GCC_NO_COMMON_BLOCKS = YES;
				GCC_WARN_64_TO_32_BIT_CONVERSION = YES;
				GCC_WARN_ABOUT_RETURN_TYPE = YES_ERROR;
				GCC_WARN_UNDECLARED_SELECTOR = YES;
				GCC_WARN_UNINITIALIZED_AUTOS = YES_AGGRESSIVE;
				GCC_WARN_UNUSED_FUNCTION = YES;
				GCC_WARN_UNUSED_VARIABLE = YES;
				IPHONEOS_DEPLOYMENT_TARGET = 14.1;
				MTL_ENABLE_DEBUG_INFO = NO;
				MTL_FAST_MATH = YES;
				SDKROOT = iphoneos;
				SWIFT_COMPILATION_MODE = wholemodule;
				SWIFT_OPTIMIZATION_LEVEL = "-O";
				VALIDATE_PRODUCT = YES;
			};
			name = Release;
		};
		95ED688B25812CFD00C43B78 /* Debug */ = {
			isa = XCBuildConfiguration;
			buildSettings = {
				ASSETCATALOG_COMPILER_APPICON_NAME = AppIcon;
				ASSETCATALOG_COMPILER_GLOBAL_ACCENT_COLOR_NAME = AccentColor;
				CODE_SIGN_STYLE = Automatic;
				DEVELOPMENT_TEAM = 42G5T64Y2R;
				INFOPLIST_FILE = NasaApp/Info.plist;
				LD_RUNPATH_SEARCH_PATHS = (
					"$(inherited)",
					"@executable_path/Frameworks",
				);
				PRODUCT_BUNDLE_IDENTIFIER = AnastasiyaUlitina.NasaApp;
				PRODUCT_NAME = "$(TARGET_NAME)";
				SWIFT_VERSION = 5.0;
				TARGETED_DEVICE_FAMILY = "1,2";
			};
			name = Debug;
		};
		95ED688C25812CFD00C43B78 /* Release */ = {
			isa = XCBuildConfiguration;
			buildSettings = {
				ASSETCATALOG_COMPILER_APPICON_NAME = AppIcon;
				ASSETCATALOG_COMPILER_GLOBAL_ACCENT_COLOR_NAME = AccentColor;
				CODE_SIGN_STYLE = Automatic;
				DEVELOPMENT_TEAM = 42G5T64Y2R;
				INFOPLIST_FILE = NasaApp/Info.plist;
				LD_RUNPATH_SEARCH_PATHS = (
					"$(inherited)",
					"@executable_path/Frameworks",
				);
				PRODUCT_BUNDLE_IDENTIFIER = AnastasiyaUlitina.NasaApp;
				PRODUCT_NAME = "$(TARGET_NAME)";
				SWIFT_VERSION = 5.0;
				TARGETED_DEVICE_FAMILY = "1,2";
			};
			name = Release;
		};
/* End XCBuildConfiguration section */

/* Begin XCConfigurationList section */
		95ED687125812CF800C43B78 /* Build configuration list for PBXProject "NasaApp" */ = {
			isa = XCConfigurationList;
			buildConfigurations = (
				95ED688825812CFD00C43B78 /* Debug */,
				95ED688925812CFD00C43B78 /* Release */,
			);
			defaultConfigurationIsVisible = 0;
			defaultConfigurationName = Release;
		};
		95ED688A25812CFD00C43B78 /* Build configuration list for PBXNativeTarget "NasaApp" */ = {
			isa = XCConfigurationList;
			buildConfigurations = (
				95ED688B25812CFD00C43B78 /* Debug */,
				95ED688C25812CFD00C43B78 /* Release */,
			);
			defaultConfigurationIsVisible = 0;
			defaultConfigurationName = Release;
		};
/* End XCConfigurationList section */
	};
	rootObject = 95ED686E25812CF800C43B78 /* Project object */;
}
